
Microsoft Visual Studio Solution File, Format Version 12.00
# Visual Studio 15
VisualStudioVersion = 15.0.28307.902
MinimumVisualStudioVersion = 10.0.40219.1
Project("{8BC9CEB8-8B4A-11D0-8D11-00A0C91BC942}") = "SegmentationFault", "SegmentationFault\SegmentationFault.vcxproj", "{43B719E1-91AE-4F1B-AB2A-B627170DC05E}"
EndProject
Project("{8BC9CEB8-8B4A-11D0-8D11-00A0C91BC942}") = "ThreadPool", "ThreadPool\ThreadPool.vcxproj", "{C8217A32-7F41-4FA2-AD95-F0FDCF1101BA}"
EndProject
Project("{8BC9CEB8-8B4A-11D0-8D11-00A0C91BC942}") = "ForwaredDemo", "ForwaredDemo\ForwaredDemo.vcxproj", "{826B5C89-C843-4950-A242-14E3ED9CF650}"
EndProject
Global
	GlobalSection(SolutionConfigurationPlatforms) = preSolution
		Debug|x64 = Debug|x64
		Debug|x86 = Debug|x86
		Release|x64 = Release|x64
		Release|x86 = Release|x86
	EndGlobalSection
	GlobalSection(ProjectConfigurationPlatforms) = postSolution
<<<<<<< HEAD
		{7742E611-B4A1-47C6-8DAA-298F8C8AE58A}.Debug|Any CPU.ActiveCfg = Debug|Win32
		{7742E611-B4A1-47C6-8DAA-298F8C8AE58A}.Debug|x64.ActiveCfg = Debug|x64
		{7742E611-B4A1-47C6-8DAA-298F8C8AE58A}.Debug|x64.Build.0 = Debug|x64
		{7742E611-B4A1-47C6-8DAA-298F8C8AE58A}.Debug|x86.ActiveCfg = Debug|Win32
		{7742E611-B4A1-47C6-8DAA-298F8C8AE58A}.Debug|x86.Build.0 = Debug|Win32
		{7742E611-B4A1-47C6-8DAA-298F8C8AE58A}.Release|Any CPU.ActiveCfg = Release|Win32
		{7742E611-B4A1-47C6-8DAA-298F8C8AE58A}.Release|x64.ActiveCfg = Release|x64
		{7742E611-B4A1-47C6-8DAA-298F8C8AE58A}.Release|x64.Build.0 = Release|x64
		{7742E611-B4A1-47C6-8DAA-298F8C8AE58A}.Release|x86.ActiveCfg = Release|Win32
		{7742E611-B4A1-47C6-8DAA-298F8C8AE58A}.Release|x86.Build.0 = Release|Win32
		{248CCEAA-3377-48DC-901E-E4A5A877CABF}.Debug|Any CPU.ActiveCfg = Debug|Win32
		{248CCEAA-3377-48DC-901E-E4A5A877CABF}.Debug|x64.ActiveCfg = Debug|x64
		{248CCEAA-3377-48DC-901E-E4A5A877CABF}.Debug|x64.Build.0 = Debug|x64
		{248CCEAA-3377-48DC-901E-E4A5A877CABF}.Debug|x86.ActiveCfg = Debug|Win32
		{248CCEAA-3377-48DC-901E-E4A5A877CABF}.Debug|x86.Build.0 = Debug|Win32
		{248CCEAA-3377-48DC-901E-E4A5A877CABF}.Release|Any CPU.ActiveCfg = Release|Win32
		{248CCEAA-3377-48DC-901E-E4A5A877CABF}.Release|x64.ActiveCfg = Release|x64
		{248CCEAA-3377-48DC-901E-E4A5A877CABF}.Release|x64.Build.0 = Release|x64
		{248CCEAA-3377-48DC-901E-E4A5A877CABF}.Release|x86.ActiveCfg = Release|Win32
		{248CCEAA-3377-48DC-901E-E4A5A877CABF}.Release|x86.Build.0 = Release|Win32
		{FF801CDF-9698-497B-9FEC-AE8B71B71613}.Debug|Any CPU.ActiveCfg = Debug|Win32
		{FF801CDF-9698-497B-9FEC-AE8B71B71613}.Debug|x64.ActiveCfg = Debug|x64
		{FF801CDF-9698-497B-9FEC-AE8B71B71613}.Debug|x64.Build.0 = Debug|x64
		{FF801CDF-9698-497B-9FEC-AE8B71B71613}.Debug|x86.ActiveCfg = Debug|Win32
		{FF801CDF-9698-497B-9FEC-AE8B71B71613}.Debug|x86.Build.0 = Debug|Win32
		{FF801CDF-9698-497B-9FEC-AE8B71B71613}.Release|Any CPU.ActiveCfg = Release|Win32
		{FF801CDF-9698-497B-9FEC-AE8B71B71613}.Release|x64.ActiveCfg = Release|x64
		{FF801CDF-9698-497B-9FEC-AE8B71B71613}.Release|x64.Build.0 = Release|x64
		{FF801CDF-9698-497B-9FEC-AE8B71B71613}.Release|x86.ActiveCfg = Release|Win32
		{FF801CDF-9698-497B-9FEC-AE8B71B71613}.Release|x86.Build.0 = Release|Win32
		{3E365B2E-04F9-4D17-8B70-27CA3A554D08}.Debug|Any CPU.ActiveCfg = Debug|Win32
		{3E365B2E-04F9-4D17-8B70-27CA3A554D08}.Debug|x64.ActiveCfg = Debug|x64
		{3E365B2E-04F9-4D17-8B70-27CA3A554D08}.Debug|x64.Build.0 = Debug|x64
		{3E365B2E-04F9-4D17-8B70-27CA3A554D08}.Debug|x86.ActiveCfg = Debug|Win32
		{3E365B2E-04F9-4D17-8B70-27CA3A554D08}.Debug|x86.Build.0 = Debug|Win32
		{3E365B2E-04F9-4D17-8B70-27CA3A554D08}.Release|Any CPU.ActiveCfg = Release|Win32
		{3E365B2E-04F9-4D17-8B70-27CA3A554D08}.Release|x64.ActiveCfg = Release|x64
		{3E365B2E-04F9-4D17-8B70-27CA3A554D08}.Release|x64.Build.0 = Release|x64
		{3E365B2E-04F9-4D17-8B70-27CA3A554D08}.Release|x86.ActiveCfg = Release|Win32
		{3E365B2E-04F9-4D17-8B70-27CA3A554D08}.Release|x86.Build.0 = Release|Win32
		{C9C3AE8F-23E9-4FB4-BE56-5EC7EA413EF5}.Debug|Any CPU.ActiveCfg = Debug|Any CPU
		{C9C3AE8F-23E9-4FB4-BE56-5EC7EA413EF5}.Debug|Any CPU.Build.0 = Debug|Any CPU
		{C9C3AE8F-23E9-4FB4-BE56-5EC7EA413EF5}.Debug|x64.ActiveCfg = Debug|x64
		{C9C3AE8F-23E9-4FB4-BE56-5EC7EA413EF5}.Debug|x64.Build.0 = Debug|x64
		{C9C3AE8F-23E9-4FB4-BE56-5EC7EA413EF5}.Debug|x86.ActiveCfg = Debug|Any CPU
		{C9C3AE8F-23E9-4FB4-BE56-5EC7EA413EF5}.Debug|x86.Build.0 = Debug|Any CPU
		{C9C3AE8F-23E9-4FB4-BE56-5EC7EA413EF5}.Release|Any CPU.ActiveCfg = Release|Any CPU
		{C9C3AE8F-23E9-4FB4-BE56-5EC7EA413EF5}.Release|Any CPU.Build.0 = Release|Any CPU
		{C9C3AE8F-23E9-4FB4-BE56-5EC7EA413EF5}.Release|x64.ActiveCfg = Release|Any CPU
		{C9C3AE8F-23E9-4FB4-BE56-5EC7EA413EF5}.Release|x64.Build.0 = Release|Any CPU
		{C9C3AE8F-23E9-4FB4-BE56-5EC7EA413EF5}.Release|x86.ActiveCfg = Release|Any CPU
		{C9C3AE8F-23E9-4FB4-BE56-5EC7EA413EF5}.Release|x86.Build.0 = Release|Any CPU
		{3DE1003D-6A28-4DFF-9B94-4F7BBF2F4F12}.Debug|Any CPU.ActiveCfg = Debug|Win32
		{3DE1003D-6A28-4DFF-9B94-4F7BBF2F4F12}.Debug|x64.ActiveCfg = Debug|x64
		{3DE1003D-6A28-4DFF-9B94-4F7BBF2F4F12}.Debug|x64.Build.0 = Debug|x64
		{3DE1003D-6A28-4DFF-9B94-4F7BBF2F4F12}.Debug|x86.ActiveCfg = Debug|Win32
		{3DE1003D-6A28-4DFF-9B94-4F7BBF2F4F12}.Debug|x86.Build.0 = Debug|Win32
		{3DE1003D-6A28-4DFF-9B94-4F7BBF2F4F12}.Release|Any CPU.ActiveCfg = Release|Win32
		{3DE1003D-6A28-4DFF-9B94-4F7BBF2F4F12}.Release|x64.ActiveCfg = Release|x64
		{3DE1003D-6A28-4DFF-9B94-4F7BBF2F4F12}.Release|x64.Build.0 = Release|x64
		{3DE1003D-6A28-4DFF-9B94-4F7BBF2F4F12}.Release|x86.ActiveCfg = Release|Win32
		{3DE1003D-6A28-4DFF-9B94-4F7BBF2F4F12}.Release|x86.Build.0 = Release|Win32
		{22D45D2B-10AC-4BDD-B3DC-DD312ED22EE6}.Debug|Any CPU.ActiveCfg = Debug|Any CPU
		{22D45D2B-10AC-4BDD-B3DC-DD312ED22EE6}.Debug|Any CPU.Build.0 = Debug|Any CPU
		{22D45D2B-10AC-4BDD-B3DC-DD312ED22EE6}.Debug|x64.ActiveCfg = Debug|x64
		{22D45D2B-10AC-4BDD-B3DC-DD312ED22EE6}.Debug|x64.Build.0 = Debug|x64
		{22D45D2B-10AC-4BDD-B3DC-DD312ED22EE6}.Debug|x86.ActiveCfg = Debug|Any CPU
		{22D45D2B-10AC-4BDD-B3DC-DD312ED22EE6}.Debug|x86.Build.0 = Debug|Any CPU
		{22D45D2B-10AC-4BDD-B3DC-DD312ED22EE6}.Release|Any CPU.ActiveCfg = Release|Any CPU
		{22D45D2B-10AC-4BDD-B3DC-DD312ED22EE6}.Release|Any CPU.Build.0 = Release|Any CPU
		{22D45D2B-10AC-4BDD-B3DC-DD312ED22EE6}.Release|x64.ActiveCfg = Release|Any CPU
		{22D45D2B-10AC-4BDD-B3DC-DD312ED22EE6}.Release|x64.Build.0 = Release|Any CPU
		{22D45D2B-10AC-4BDD-B3DC-DD312ED22EE6}.Release|x86.ActiveCfg = Release|Any CPU
		{22D45D2B-10AC-4BDD-B3DC-DD312ED22EE6}.Release|x86.Build.0 = Release|Any CPU
		{BE4AC148-FF77-49DF-A830-547D75ACF55E}.Debug|Any CPU.ActiveCfg = Debug|Win32
		{BE4AC148-FF77-49DF-A830-547D75ACF55E}.Debug|x64.ActiveCfg = Debug|x64
		{BE4AC148-FF77-49DF-A830-547D75ACF55E}.Debug|x64.Build.0 = Debug|x64
		{BE4AC148-FF77-49DF-A830-547D75ACF55E}.Debug|x86.ActiveCfg = Debug|Win32
		{BE4AC148-FF77-49DF-A830-547D75ACF55E}.Debug|x86.Build.0 = Debug|Win32
		{BE4AC148-FF77-49DF-A830-547D75ACF55E}.Release|Any CPU.ActiveCfg = Release|Win32
		{BE4AC148-FF77-49DF-A830-547D75ACF55E}.Release|x64.ActiveCfg = Release|x64
		{BE4AC148-FF77-49DF-A830-547D75ACF55E}.Release|x64.Build.0 = Release|x64
		{BE4AC148-FF77-49DF-A830-547D75ACF55E}.Release|x86.ActiveCfg = Release|Win32
		{BE4AC148-FF77-49DF-A830-547D75ACF55E}.Release|x86.Build.0 = Release|Win32
		{B6A6E369-2FB1-4F4F-B515-BC358EAB904C}.Debug|Any CPU.ActiveCfg = Debug|Win32
		{B6A6E369-2FB1-4F4F-B515-BC358EAB904C}.Debug|x64.ActiveCfg = Debug|x64
		{B6A6E369-2FB1-4F4F-B515-BC358EAB904C}.Debug|x64.Build.0 = Debug|x64
		{B6A6E369-2FB1-4F4F-B515-BC358EAB904C}.Debug|x86.ActiveCfg = Debug|Win32
		{B6A6E369-2FB1-4F4F-B515-BC358EAB904C}.Debug|x86.Build.0 = Debug|Win32
		{B6A6E369-2FB1-4F4F-B515-BC358EAB904C}.Release|Any CPU.ActiveCfg = Release|Win32
		{B6A6E369-2FB1-4F4F-B515-BC358EAB904C}.Release|x64.ActiveCfg = Release|x64
		{B6A6E369-2FB1-4F4F-B515-BC358EAB904C}.Release|x64.Build.0 = Release|x64
		{B6A6E369-2FB1-4F4F-B515-BC358EAB904C}.Release|x86.ActiveCfg = Release|Win32
		{B6A6E369-2FB1-4F4F-B515-BC358EAB904C}.Release|x86.Build.0 = Release|Win32
		{52D8C00F-491E-43CC-8E41-0E53A0270B1F}.Debug|Any CPU.ActiveCfg = Debug|Win32
		{52D8C00F-491E-43CC-8E41-0E53A0270B1F}.Debug|x64.ActiveCfg = Debug|x64
		{52D8C00F-491E-43CC-8E41-0E53A0270B1F}.Debug|x64.Build.0 = Debug|x64
		{52D8C00F-491E-43CC-8E41-0E53A0270B1F}.Debug|x86.ActiveCfg = Debug|Win32
		{52D8C00F-491E-43CC-8E41-0E53A0270B1F}.Debug|x86.Build.0 = Debug|Win32
		{52D8C00F-491E-43CC-8E41-0E53A0270B1F}.Release|Any CPU.ActiveCfg = Release|Win32
		{52D8C00F-491E-43CC-8E41-0E53A0270B1F}.Release|x64.ActiveCfg = Release|x64
		{52D8C00F-491E-43CC-8E41-0E53A0270B1F}.Release|x64.Build.0 = Release|x64
		{52D8C00F-491E-43CC-8E41-0E53A0270B1F}.Release|x86.ActiveCfg = Release|Win32
		{52D8C00F-491E-43CC-8E41-0E53A0270B1F}.Release|x86.Build.0 = Release|Win32
		{826B5C89-C843-4950-A242-14E3ED9CF650}.Debug|Any CPU.ActiveCfg = Debug|Win32
		{826B5C89-C843-4950-A242-14E3ED9CF650}.Debug|x64.ActiveCfg = Debug|x64
		{826B5C89-C843-4950-A242-14E3ED9CF650}.Debug|x64.Build.0 = Debug|x64
		{826B5C89-C843-4950-A242-14E3ED9CF650}.Debug|x86.ActiveCfg = Debug|Win32
		{826B5C89-C843-4950-A242-14E3ED9CF650}.Debug|x86.Build.0 = Debug|Win32
		{826B5C89-C843-4950-A242-14E3ED9CF650}.Release|Any CPU.ActiveCfg = Release|Win32
		{826B5C89-C843-4950-A242-14E3ED9CF650}.Release|x64.ActiveCfg = Release|x64
		{826B5C89-C843-4950-A242-14E3ED9CF650}.Release|x64.Build.0 = Release|x64
		{826B5C89-C843-4950-A242-14E3ED9CF650}.Release|x86.ActiveCfg = Release|Win32
		{826B5C89-C843-4950-A242-14E3ED9CF650}.Release|x86.Build.0 = Release|Win32
=======
		{43B719E1-91AE-4F1B-AB2A-B627170DC05E}.Debug|x64.ActiveCfg = Debug|x64
		{43B719E1-91AE-4F1B-AB2A-B627170DC05E}.Debug|x64.Build.0 = Debug|x64
		{43B719E1-91AE-4F1B-AB2A-B627170DC05E}.Debug|x86.ActiveCfg = Debug|Win32
		{43B719E1-91AE-4F1B-AB2A-B627170DC05E}.Debug|x86.Build.0 = Debug|Win32
		{43B719E1-91AE-4F1B-AB2A-B627170DC05E}.Release|x64.ActiveCfg = Release|x64
		{43B719E1-91AE-4F1B-AB2A-B627170DC05E}.Release|x64.Build.0 = Release|x64
		{43B719E1-91AE-4F1B-AB2A-B627170DC05E}.Release|x86.ActiveCfg = Release|Win32
		{43B719E1-91AE-4F1B-AB2A-B627170DC05E}.Release|x86.Build.0 = Release|Win32
		{C8217A32-7F41-4FA2-AD95-F0FDCF1101BA}.Debug|x64.ActiveCfg = Debug|x64
		{C8217A32-7F41-4FA2-AD95-F0FDCF1101BA}.Debug|x64.Build.0 = Debug|x64
		{C8217A32-7F41-4FA2-AD95-F0FDCF1101BA}.Debug|x86.ActiveCfg = Debug|Win32
		{C8217A32-7F41-4FA2-AD95-F0FDCF1101BA}.Debug|x86.Build.0 = Debug|Win32
		{C8217A32-7F41-4FA2-AD95-F0FDCF1101BA}.Release|x64.ActiveCfg = Release|x64
		{C8217A32-7F41-4FA2-AD95-F0FDCF1101BA}.Release|x64.Build.0 = Release|x64
		{C8217A32-7F41-4FA2-AD95-F0FDCF1101BA}.Release|x86.ActiveCfg = Release|Win32
		{C8217A32-7F41-4FA2-AD95-F0FDCF1101BA}.Release|x86.Build.0 = Release|Win32
>>>>>>> 908f6645b782ee2448f64f9771c34b9f70c80a70
	EndGlobalSection
	GlobalSection(SolutionProperties) = preSolution
		HideSolutionNode = FALSE
	EndGlobalSection
	GlobalSection(ExtensibilityGlobals) = postSolution
		SolutionGuid = {CFED6DDD-5586-413F-9CD8-CC724FF5478B}
	EndGlobalSection
EndGlobal
