
Microsoft Visual Studio Solution File, Format Version 12.00
# Visual Studio Version 16
VisualStudioVersion = 16.0.33927.289
MinimumVisualStudioVersion = 10.0.40219.1
Project("{8BC9CEB8-8B4A-11D0-8D11-00A0C91BC942}") = "DumpDemo", "DumpDemo\DumpDemo.vcxproj", "{7742E611-B4A1-47C6-8DAA-298F8C8AE58A}"
EndProject
Project("{8BC9CEB8-8B4A-11D0-8D11-00A0C91BC942}") = "ProtoBuffer", "ProtoBuffer\ProtoBuffer.vcxproj", "{248CCEAA-3377-48DC-901E-E4A5A877CABF}"
EndProject
Project("{8BC9CEB8-8B4A-11D0-8D11-00A0C91BC942}") = "Protocol", "Protocol\Protocol.vcxitems", "{FB55C55F-953F-494B-82C3-BF85A3D64012}"
EndProject
Project("{8BC9CEB8-8B4A-11D0-8D11-00A0C91BC942}") = "leftRight", "leftRight\leftRight.vcxproj", "{FF801CDF-9698-497B-9FEC-AE8B71B71613}"
EndProject
Project("{8BC9CEB8-8B4A-11D0-8D11-00A0C91BC942}") = "SwigCplusplus", "SwigCplusplus\SwigCplusplus.vcxproj", "{3E365B2E-04F9-4D17-8B70-27CA3A554D08}"
EndProject
Project("{FAE04EC0-301F-11D3-BF4B-00C04F79EFBC}") = "SwigCSharp", "SwigCSharp\SwigCSharp.csproj", "{C9C3AE8F-23E9-4FB4-BE56-5EC7EA413EF5}"
EndProject
Project("{8BC9CEB8-8B4A-11D0-8D11-00A0C91BC942}") = "TemplateTypeInference", "TemplateTypeInference\TemplateTypeInference.vcxproj", "{3DE1003D-6A28-4DFF-9B94-4F7BBF2F4F12}"
EndProject
Project("{FAE04EC0-301F-11D3-BF4B-00C04F79EFBC}") = "CShapeDll", "CShapeDll\CShapeDll.csproj", "{22D45D2B-10AC-4BDD-B3DC-DD312ED22EE6}"
EndProject
Project("{8BC9CEB8-8B4A-11D0-8D11-00A0C91BC942}") = "CPlusPlusUseCSharpDll", "CPlusPlusUseCSharpDll\CPlusPlusUseCSharpDll.vcxproj", "{BE4AC148-FF77-49DF-A830-547D75ACF55E}"
EndProject
Project("{8BC9CEB8-8B4A-11D0-8D11-00A0C91BC942}") = "CSharpToCPPBridge", "CSharpToCPPBridge\CSharpToCPPBridge.vcxproj", "{B6A6E369-2FB1-4F4F-B515-BC358EAB904C}"
EndProject
Project("{8BC9CEB8-8B4A-11D0-8D11-00A0C91BC942}") = "LambdaDemo", "LambdaDemo\LambdaDemo.vcxproj", "{52D8C00F-491E-43CC-8E41-0E53A0270B1F}"
EndProject
Project("{8BC9CEB8-8B4A-11D0-8D11-00A0C91BC942}") = "DoWhileStyleDemo", "DoWhileStyleDemo\DoWhileStyleDemo.vcxproj", "{3C993DE1-070A-47C1-BCA4-5628DB065B02}"
EndProject
Project("{8BC9CEB8-8B4A-11D0-8D11-00A0C91BC942}") = "VariadicTemplates", "VariadicTemplates\VariadicTemplates.vcxproj", "{AB635B31-55B3-49ED-AF47-2516111B9762}"
EndProject
Project("{8BC9CEB8-8B4A-11D0-8D11-00A0C91BC942}") = "MulitThreadDemo", "MulitThreadDemo\MulitThreadDemo.vcxproj", "{8D1B4F6E-3846-4D37-A55A-2471F8225643}"
EndProject
Global
	GlobalSection(SharedMSBuildProjectFiles) = preSolution
		Protocol\Protocol.vcxitems*{248cceaa-3377-48dc-901e-e4a5a877cabf}*SharedItemsImports = 4
		Protocol\Protocol.vcxitems*{fb55c55f-953f-494b-82c3-bf85a3d64012}*SharedItemsImports = 9
	EndGlobalSection
	GlobalSection(SolutionConfigurationPlatforms) = preSolution
		Debug|Any CPU = Debug|Any CPU
		Debug|x64 = Debug|x64
		Debug|x86 = Debug|x86
		Release|Any CPU = Release|Any CPU
		Release|x64 = Release|x64
		Release|x86 = Release|x86
	EndGlobalSection
	GlobalSection(ProjectConfigurationPlatforms) = postSolution
		{7742E611-B4A1-47C6-8DAA-298F8C8AE58A}.Debug|Any CPU.ActiveCfg = Debug|Win32
		{7742E611-B4A1-47C6-8DAA-298F8C8AE58A}.Debug|x64.ActiveCfg = Debug|x64
		{7742E611-B4A1-47C6-8DAA-298F8C8AE58A}.Debug|x64.Build.0 = Debug|x64
		{7742E611-B4A1-47C6-8DAA-298F8C8AE58A}.Debug|x86.ActiveCfg = Debug|Win32
		{7742E611-B4A1-47C6-8DAA-298F8C8AE58A}.Debug|x86.Build.0 = Debug|Win32
		{7742E611-B4A1-47C6-8DAA-298F8C8AE58A}.Release|Any CPU.ActiveCfg = Release|Win32
		{7742E611-B4A1-47C6-8DAA-298F8C8AE58A}.Release|x64.ActiveCfg = Release|x64
		{7742E611-B4A1-47C6-8DAA-298F8C8AE58A}.Release|x64.Build.0 = Release|x64
		{7742E611-B4A1-47C6-8DAA-298F8C8AE58A}.Release|x86.ActiveCfg = Release|Win32
		{7742E611-B4A1-47C6-8DAA-298F8C8AE58A}.Release|x86.Build.0 = Release|Win32
		{248CCEAA-3377-48DC-901E-E4A5A877CABF}.Debug|Any CPU.ActiveCfg = Debug|Win32
		{248CCEAA-3377-48DC-901E-E4A5A877CABF}.Debug|x64.ActiveCfg = Debug|x64
		{248CCEAA-3377-48DC-901E-E4A5A877CABF}.Debug|x64.Build.0 = Debug|x64
		{248CCEAA-3377-48DC-901E-E4A5A877CABF}.Debug|x86.ActiveCfg = Debug|Win32
		{248CCEAA-3377-48DC-901E-E4A5A877CABF}.Debug|x86.Build.0 = Debug|Win32
		{248CCEAA-3377-48DC-901E-E4A5A877CABF}.Release|Any CPU.ActiveCfg = Release|Win32
		{248CCEAA-3377-48DC-901E-E4A5A877CABF}.Release|x64.ActiveCfg = Release|x64
		{248CCEAA-3377-48DC-901E-E4A5A877CABF}.Release|x64.Build.0 = Release|x64
		{248CCEAA-3377-48DC-901E-E4A5A877CABF}.Release|x86.ActiveCfg = Release|Win32
		{248CCEAA-3377-48DC-901E-E4A5A877CABF}.Release|x86.Build.0 = Release|Win32
		{FF801CDF-9698-497B-9FEC-AE8B71B71613}.Debug|Any CPU.ActiveCfg = Debug|Win32
		{FF801CDF-9698-497B-9FEC-AE8B71B71613}.Debug|x64.ActiveCfg = Debug|x64
		{FF801CDF-9698-497B-9FEC-AE8B71B71613}.Debug|x64.Build.0 = Debug|x64
		{FF801CDF-9698-497B-9FEC-AE8B71B71613}.Debug|x86.ActiveCfg = Debug|Win32
		{FF801CDF-9698-497B-9FEC-AE8B71B71613}.Debug|x86.Build.0 = Debug|Win32
		{FF801CDF-9698-497B-9FEC-AE8B71B71613}.Release|Any CPU.ActiveCfg = Release|Win32
		{FF801CDF-9698-497B-9FEC-AE8B71B71613}.Release|x64.ActiveCfg = Release|x64
		{FF801CDF-9698-497B-9FEC-AE8B71B71613}.Release|x64.Build.0 = Release|x64
		{FF801CDF-9698-497B-9FEC-AE8B71B71613}.Release|x86.ActiveCfg = Release|Win32
		{FF801CDF-9698-497B-9FEC-AE8B71B71613}.Release|x86.Build.0 = Release|Win32
		{3E365B2E-04F9-4D17-8B70-27CA3A554D08}.Debug|Any CPU.ActiveCfg = Debug|Win32
		{3E365B2E-04F9-4D17-8B70-27CA3A554D08}.Debug|x64.ActiveCfg = Debug|x64
		{3E365B2E-04F9-4D17-8B70-27CA3A554D08}.Debug|x64.Build.0 = Debug|x64
		{3E365B2E-04F9-4D17-8B70-27CA3A554D08}.Debug|x86.ActiveCfg = Debug|Win32
		{3E365B2E-04F9-4D17-8B70-27CA3A554D08}.Debug|x86.Build.0 = Debug|Win32
		{3E365B2E-04F9-4D17-8B70-27CA3A554D08}.Release|Any CPU.ActiveCfg = Release|Win32
		{3E365B2E-04F9-4D17-8B70-27CA3A554D08}.Release|x64.ActiveCfg = Release|x64
		{3E365B2E-04F9-4D17-8B70-27CA3A554D08}.Release|x64.Build.0 = Release|x64
		{3E365B2E-04F9-4D17-8B70-27CA3A554D08}.Release|x86.ActiveCfg = Release|Win32
		{3E365B2E-04F9-4D17-8B70-27CA3A554D08}.Release|x86.Build.0 = Release|Win32
		{C9C3AE8F-23E9-4FB4-BE56-5EC7EA413EF5}.Debug|Any CPU.ActiveCfg = Debug|Any CPU
		{C9C3AE8F-23E9-4FB4-BE56-5EC7EA413EF5}.Debug|Any CPU.Build.0 = Debug|Any CPU
		{C9C3AE8F-23E9-4FB4-BE56-5EC7EA413EF5}.Debug|x64.ActiveCfg = Debug|x64
		{C9C3AE8F-23E9-4FB4-BE56-5EC7EA413EF5}.Debug|x64.Build.0 = Debug|x64
		{C9C3AE8F-23E9-4FB4-BE56-5EC7EA413EF5}.Debug|x86.ActiveCfg = Debug|Any CPU
		{C9C3AE8F-23E9-4FB4-BE56-5EC7EA413EF5}.Debug|x86.Build.0 = Debug|Any CPU
		{C9C3AE8F-23E9-4FB4-BE56-5EC7EA413EF5}.Release|Any CPU.ActiveCfg = Release|Any CPU
		{C9C3AE8F-23E9-4FB4-BE56-5EC7EA413EF5}.Release|Any CPU.Build.0 = Release|Any CPU
		{C9C3AE8F-23E9-4FB4-BE56-5EC7EA413EF5}.Release|x64.ActiveCfg = Release|Any CPU
		{C9C3AE8F-23E9-4FB4-BE56-5EC7EA413EF5}.Release|x64.Build.0 = Release|Any CPU
		{C9C3AE8F-23E9-4FB4-BE56-5EC7EA413EF5}.Release|x86.ActiveCfg = Release|Any CPU
		{C9C3AE8F-23E9-4FB4-BE56-5EC7EA413EF5}.Release|x86.Build.0 = Release|Any CPU
		{3DE1003D-6A28-4DFF-9B94-4F7BBF2F4F12}.Debug|Any CPU.ActiveCfg = Debug|Win32
		{3DE1003D-6A28-4DFF-9B94-4F7BBF2F4F12}.Debug|x64.ActiveCfg = Debug|x64
		{3DE1003D-6A28-4DFF-9B94-4F7BBF2F4F12}.Debug|x64.Build.0 = Debug|x64
		{3DE1003D-6A28-4DFF-9B94-4F7BBF2F4F12}.Debug|x86.ActiveCfg = Debug|Win32
		{3DE1003D-6A28-4DFF-9B94-4F7BBF2F4F12}.Debug|x86.Build.0 = Debug|Win32
		{3DE1003D-6A28-4DFF-9B94-4F7BBF2F4F12}.Release|Any CPU.ActiveCfg = Release|Win32
		{3DE1003D-6A28-4DFF-9B94-4F7BBF2F4F12}.Release|x64.ActiveCfg = Release|x64
		{3DE1003D-6A28-4DFF-9B94-4F7BBF2F4F12}.Release|x64.Build.0 = Release|x64
		{3DE1003D-6A28-4DFF-9B94-4F7BBF2F4F12}.Release|x86.ActiveCfg = Release|Win32
		{3DE1003D-6A28-4DFF-9B94-4F7BBF2F4F12}.Release|x86.Build.0 = Release|Win32
		{22D45D2B-10AC-4BDD-B3DC-DD312ED22EE6}.Debug|Any CPU.ActiveCfg = Debug|Any CPU
		{22D45D2B-10AC-4BDD-B3DC-DD312ED22EE6}.Debug|Any CPU.Build.0 = Debug|Any CPU
		{22D45D2B-10AC-4BDD-B3DC-DD312ED22EE6}.Debug|x64.ActiveCfg = Debug|x64
		{22D45D2B-10AC-4BDD-B3DC-DD312ED22EE6}.Debug|x64.Build.0 = Debug|x64
		{22D45D2B-10AC-4BDD-B3DC-DD312ED22EE6}.Debug|x86.ActiveCfg = Debug|Any CPU
		{22D45D2B-10AC-4BDD-B3DC-DD312ED22EE6}.Debug|x86.Build.0 = Debug|Any CPU
		{22D45D2B-10AC-4BDD-B3DC-DD312ED22EE6}.Release|Any CPU.ActiveCfg = Release|Any CPU
		{22D45D2B-10AC-4BDD-B3DC-DD312ED22EE6}.Release|Any CPU.Build.0 = Release|Any CPU
		{22D45D2B-10AC-4BDD-B3DC-DD312ED22EE6}.Release|x64.ActiveCfg = Release|Any CPU
		{22D45D2B-10AC-4BDD-B3DC-DD312ED22EE6}.Release|x64.Build.0 = Release|Any CPU
		{22D45D2B-10AC-4BDD-B3DC-DD312ED22EE6}.Release|x86.ActiveCfg = Release|Any CPU
		{22D45D2B-10AC-4BDD-B3DC-DD312ED22EE6}.Release|x86.Build.0 = Release|Any CPU
		{BE4AC148-FF77-49DF-A830-547D75ACF55E}.Debug|Any CPU.ActiveCfg = Debug|Win32
		{BE4AC148-FF77-49DF-A830-547D75ACF55E}.Debug|x64.ActiveCfg = Debug|x64
		{BE4AC148-FF77-49DF-A830-547D75ACF55E}.Debug|x64.Build.0 = Debug|x64
		{BE4AC148-FF77-49DF-A830-547D75ACF55E}.Debug|x86.ActiveCfg = Debug|Win32
		{BE4AC148-FF77-49DF-A830-547D75ACF55E}.Debug|x86.Build.0 = Debug|Win32
		{BE4AC148-FF77-49DF-A830-547D75ACF55E}.Release|Any CPU.ActiveCfg = Release|Win32
		{BE4AC148-FF77-49DF-A830-547D75ACF55E}.Release|x64.ActiveCfg = Release|x64
		{BE4AC148-FF77-49DF-A830-547D75ACF55E}.Release|x64.Build.0 = Release|x64
		{BE4AC148-FF77-49DF-A830-547D75ACF55E}.Release|x86.ActiveCfg = Release|Win32
		{BE4AC148-FF77-49DF-A830-547D75ACF55E}.Release|x86.Build.0 = Release|Win32
		{B6A6E369-2FB1-4F4F-B515-BC358EAB904C}.Debug|Any CPU.ActiveCfg = Debug|Win32
		{B6A6E369-2FB1-4F4F-B515-BC358EAB904C}.Debug|x64.ActiveCfg = Debug|x64
		{B6A6E369-2FB1-4F4F-B515-BC358EAB904C}.Debug|x64.Build.0 = Debug|x64
		{B6A6E369-2FB1-4F4F-B515-BC358EAB904C}.Debug|x86.ActiveCfg = Debug|Win32
		{B6A6E369-2FB1-4F4F-B515-BC358EAB904C}.Debug|x86.Build.0 = Debug|Win32
		{B6A6E369-2FB1-4F4F-B515-BC358EAB904C}.Release|Any CPU.ActiveCfg = Release|Win32
		{B6A6E369-2FB1-4F4F-B515-BC358EAB904C}.Release|x64.ActiveCfg = Release|x64
		{B6A6E369-2FB1-4F4F-B515-BC358EAB904C}.Release|x64.Build.0 = Release|x64
		{B6A6E369-2FB1-4F4F-B515-BC358EAB904C}.Release|x86.ActiveCfg = Release|Win32
		{B6A6E369-2FB1-4F4F-B515-BC358EAB904C}.Release|x86.Build.0 = Release|Win32
		{52D8C00F-491E-43CC-8E41-0E53A0270B1F}.Debug|Any CPU.ActiveCfg = Debug|Win32
		{52D8C00F-491E-43CC-8E41-0E53A0270B1F}.Debug|x64.ActiveCfg = Debug|x64
		{52D8C00F-491E-43CC-8E41-0E53A0270B1F}.Debug|x64.Build.0 = Debug|x64
		{52D8C00F-491E-43CC-8E41-0E53A0270B1F}.Debug|x86.ActiveCfg = Debug|Win32
		{52D8C00F-491E-43CC-8E41-0E53A0270B1F}.Debug|x86.Build.0 = Debug|Win32
		{52D8C00F-491E-43CC-8E41-0E53A0270B1F}.Release|Any CPU.ActiveCfg = Release|Win32
		{52D8C00F-491E-43CC-8E41-0E53A0270B1F}.Release|x64.ActiveCfg = Release|x64
		{52D8C00F-491E-43CC-8E41-0E53A0270B1F}.Release|x64.Build.0 = Release|x64
		{52D8C00F-491E-43CC-8E41-0E53A0270B1F}.Release|x86.ActiveCfg = Release|Win32
		{52D8C00F-491E-43CC-8E41-0E53A0270B1F}.Release|x86.Build.0 = Release|Win32
		{3C993DE1-070A-47C1-BCA4-5628DB065B02}.Debug|Any CPU.ActiveCfg = Debug|Win32
		{3C993DE1-070A-47C1-BCA4-5628DB065B02}.Debug|x64.ActiveCfg = Debug|x64
		{3C993DE1-070A-47C1-BCA4-5628DB065B02}.Debug|x64.Build.0 = Debug|x64
		{3C993DE1-070A-47C1-BCA4-5628DB065B02}.Debug|x86.ActiveCfg = Debug|Win32
		{3C993DE1-070A-47C1-BCA4-5628DB065B02}.Debug|x86.Build.0 = Debug|Win32
		{3C993DE1-070A-47C1-BCA4-5628DB065B02}.Release|Any CPU.ActiveCfg = Release|Win32
		{3C993DE1-070A-47C1-BCA4-5628DB065B02}.Release|x64.ActiveCfg = Release|x64
		{3C993DE1-070A-47C1-BCA4-5628DB065B02}.Release|x64.Build.0 = Release|x64
		{3C993DE1-070A-47C1-BCA4-5628DB065B02}.Release|x86.ActiveCfg = Release|Win32
		{3C993DE1-070A-47C1-BCA4-5628DB065B02}.Release|x86.Build.0 = Release|Win32
		{AB635B31-55B3-49ED-AF47-2516111B9762}.Debug|Any CPU.ActiveCfg = Debug|Win32
		{AB635B31-55B3-49ED-AF47-2516111B9762}.Debug|x64.ActiveCfg = Debug|x64
		{AB635B31-55B3-49ED-AF47-2516111B9762}.Debug|x64.Build.0 = Debug|x64
		{AB635B31-55B3-49ED-AF47-2516111B9762}.Debug|x86.ActiveCfg = Debug|Win32
		{AB635B31-55B3-49ED-AF47-2516111B9762}.Debug|x86.Build.0 = Debug|Win32
		{AB635B31-55B3-49ED-AF47-2516111B9762}.Release|Any CPU.ActiveCfg = Release|Win32
		{AB635B31-55B3-49ED-AF47-2516111B9762}.Release|x64.ActiveCfg = Release|x64
		{AB635B31-55B3-49ED-AF47-2516111B9762}.Release|x64.Build.0 = Release|x64
		{AB635B31-55B3-49ED-AF47-2516111B9762}.Release|x86.ActiveCfg = Release|Win32
		{AB635B31-55B3-49ED-AF47-2516111B9762}.Release|x86.Build.0 = Release|Win32
		{8D1B4F6E-3846-4D37-A55A-2471F8225643}.Debug|Any CPU.ActiveCfg = Debug|Win32
		{8D1B4F6E-3846-4D37-A55A-2471F8225643}.Debug|x64.ActiveCfg = Debug|x64
		{8D1B4F6E-3846-4D37-A55A-2471F8225643}.Debug|x64.Build.0 = Debug|x64
		{8D1B4F6E-3846-4D37-A55A-2471F8225643}.Debug|x86.ActiveCfg = Debug|Win32
		{8D1B4F6E-3846-4D37-A55A-2471F8225643}.Debug|x86.Build.0 = Debug|Win32
		{8D1B4F6E-3846-4D37-A55A-2471F8225643}.Release|Any CPU.ActiveCfg = Release|Win32
		{8D1B4F6E-3846-4D37-A55A-2471F8225643}.Release|x64.ActiveCfg = Release|x64
		{8D1B4F6E-3846-4D37-A55A-2471F8225643}.Release|x64.Build.0 = Release|x64
		{8D1B4F6E-3846-4D37-A55A-2471F8225643}.Release|x86.ActiveCfg = Release|Win32
		{8D1B4F6E-3846-4D37-A55A-2471F8225643}.Release|x86.Build.0 = Release|Win32
	EndGlobalSection
	GlobalSection(SolutionProperties) = preSolution
		HideSolutionNode = FALSE
	EndGlobalSection
	GlobalSection(ExtensibilityGlobals) = postSolution
		SolutionGuid = {CFED6DDD-5586-413F-9CD8-CC724FF5478B}
	EndGlobalSection
EndGlobal
